
Microsoft Visual Studio Solution File, Format Version 12.00
# Visual Studio Version 17
VisualStudioVersion = 17.0.31903.59
MinimumVisualStudioVersion = 10.0.40219.1
Project("{FAE04EC0-301F-11D3-BF4B-00C04F79EFBC}") = "Seaharp.Geometry", "Seaharp.Geometry\Seaharp.Geometry.csproj", "{91C06086-50BF-41A5-9779-9B84CE443822}"
EndProject
Project("{FAE04EC0-301F-11D3-BF4B-00C04F79EFBC}") = "Seaharp.Geometry.Tests", "Seaharp.Geometry.Tests\Seaharp.Geometry.Tests.csproj", "{E732084A-8C1D-4DD7-9013-5BFAA3F337D9}"
EndProject
Project("{FAE04EC0-301F-11D3-BF4B-00C04F79EFBC}") = "Seaharp.World", "Seaharp.World\Seaharp.World.csproj", "{644EEAF2-670A-4650-BEF6-804E261CB6D0}"
EndProject
Project("{FAE04EC0-301F-11D3-BF4B-00C04F79EFBC}") = "Seaharp.World.Tests", "Seaharp.World.Tests\Seaharp.World.Tests.csproj", "{45EEEC1D-C573-4588-82EA-0D6883D2AF89}"
EndProject
Project("{FAE04EC0-301F-11D3-BF4B-00C04F79EFBC}") = "Seaharp.Demo", "Seaharp.Demo\Seaharp.Demo.csproj", "{BF6F989A-DA4E-46F1-A3AC-C7529E39DE14}"
EndProject
Project("{FAE04EC0-301F-11D3-BF4B-00C04F79EFBC}") = "Seaharp.Geometry.Computation", "Seaharp.Geometry.Computation\Seaharp.Geometry.Computation.csproj", "{33652EF2-076D-4526-83FA-365DACB89BD6}"
EndProject
Project("{FAE04EC0-301F-11D3-BF4B-00C04F79EFBC}") = "Seaharp.Topology", "Seaharp.Topology\\Seaharp.Topology.csproj", "{4B42BA46-763B-481F-940D-BB5757884E92}"
EndProject
Project("{FAE04EC0-301F-11D3-BF4B-00C04F79EFBC}") = "Seaharp.Demo.Mesh", "Seaharp.Demo.Mesh\Seaharp.Demo.Mesh.csproj", "{A1E4C9B6-5D7F-4BD3-9E64-9A3B40B16E0F}"
EndProject
Global
	GlobalSection(SolutionConfigurationPlatforms) = preSolution
		Debug|Any CPU = Debug|Any CPU
		Release|Any CPU = Release|Any CPU

	EndGlobalSection
	GlobalSection(SolutionProperties) = preSolution
		HideSolutionNode = FALSE

	EndGlobalSection
	GlobalSection(ProjectConfigurationPlatforms) = postSolution
		{91C06086-50BF-41A5-9779-9B84CE443822}.Debug|Any CPU.ActiveCfg = Debug|Any CPU
		{91C06086-50BF-41A5-9779-9B84CE443822}.Debug|Any CPU.Build.0 = Debug|Any CPU
		{91C06086-50BF-41A5-9779-9B84CE443822}.Release|Any CPU.ActiveCfg = Release|Any CPU
		{91C06086-50BF-41A5-9779-9B84CE443822}.Release|Any CPU.Build.0 = Release|Any CPU
		{E732084A-8C1D-4DD7-9013-5BFAA3F337D9}.Debug|Any CPU.ActiveCfg = Debug|Any CPU
		{E732084A-8C1D-4DD7-9013-5BFAA3F337D9}.Debug|Any CPU.Build.0 = Debug|Any CPU
		{E732084A-8C1D-4DD7-9013-5BFAA3F337D9}.Release|Any CPU.ActiveCfg = Release|Any CPU
		{E732084A-8C1D-4DD7-9013-5BFAA3F337D9}.Release|Any CPU.Build.0 = Release|Any CPU
		{644EEAF2-670A-4650-BEF6-804E261CB6D0}.Debug|Any CPU.ActiveCfg = Debug|Any CPU
		{644EEAF2-670A-4650-BEF6-804E261CB6D0}.Debug|Any CPU.Build.0 = Debug|Any CPU
		{644EEAF2-670A-4650-BEF6-804E261CB6D0}.Release|Any CPU.ActiveCfg = Release|Any CPU
		{644EEAF2-670A-4650-BEF6-804E261CB6D0}.Release|Any CPU.Build.0 = Release|Any CPU
		{7A4598ED-26DC-4B7F-80BA-E7B94E3913E2}.Debug|Any CPU.ActiveCfg = Debug|Any CPU
		{7A4598ED-26DC-4B7F-80BA-E7B94E3913E2}.Debug|Any CPU.Build.0 = Debug|Any CPU
		{7A4598ED-26DC-4B7F-80BA-E7B94E3913E2}.Release|Any CPU.ActiveCfg = Release|Any CPU
		{7A4598ED-26DC-4B7F-80BA-E7B94E3913E2}.Release|Any CPU.Build.0 = Release|Any CPU
		{45EEEC1D-C573-4588-82EA-0D6883D2AF89}.Debug|Any CPU.ActiveCfg = Debug|Any CPU
		{45EEEC1D-C573-4588-82EA-0D6883D2AF89}.Debug|Any CPU.Build.0 = Debug|Any CPU
		{45EEEC1D-C573-4588-82EA-0D6883D2AF89}.Release|Any CPU.ActiveCfg = Release|Any CPU
		{45EEEC1D-C573-4588-82EA-0D6883D2AF89}.Release|Any CPU.Build.0 = Release|Any CPU
		{BF6F989A-DA4E-46F1-A3AC-C7529E39DE14}.Debug|Any CPU.ActiveCfg = Debug|Any CPU
		{BF6F989A-DA4E-46F1-A3AC-C7529E39DE14}.Debug|Any CPU.Build.0 = Debug|Any CPU
		{BF6F989A-DA4E-46F1-A3AC-C7529E39DE14}.Release|Any CPU.ActiveCfg = Release|Any CPU
		{BF6F989A-DA4E-46F1-A3AC-C7529E39DE14}.Release|Any CPU.Build.0 = Release|Any CPU
		{33652EF2-076D-4526-83FA-365DACB89BD6}.Debug|Any CPU.ActiveCfg = Debug|Any CPU
		{33652EF2-076D-4526-83FA-365DACB89BD6}.Debug|Any CPU.Build.0 = Debug|Any CPU
		{33652EF2-076D-4526-83FA-365DACB89BD6}.Release|Any CPU.ActiveCfg = Release|Any CPU
		{33652EF2-076D-4526-83FA-365DACB89BD6}.Release|Any CPU.Build.0 = Release|Any CPU
		{4B42BA46-763B-481F-940D-BB5757884E92}.Debug|Any CPU.ActiveCfg = Debug|Any CPU
		{4B42BA46-763B-481F-940D-BB5757884E92}.Debug|Any CPU.Build.0 = Debug|Any CPU
		{4B42BA46-763B-481F-940D-BB5757884E92}.Release|Any CPU.ActiveCfg = Release|Any CPU
		{4B42BA46-763B-481F-940D-BB5757884E92}.Release|Any CPU.Build.0 = Release|Any CPU
						{A1E4C9B6-5D7F-4BD3-9E64-9A3B40B16E0F}.Debug|Any CPU.ActiveCfg = Debug|Any CPU
		{A1E4C9B6-5D7F-4BD3-9E64-9A3B40B16E0F}.Debug|Any CPU.Build.0 = Debug|Any CPU
		{A1E4C9B6-5D7F-4BD3-9E64-9A3B40B16E0F}.Release|Any CPU.ActiveCfg = Release|Any CPU
		{A1E4C9B6-5D7F-4BD3-9E64-9A3B40B16E0F}.Release|Any CPU.Build.0 = Release|Any CPU
	EndGlobalSection
EndGlobal






